
Microsoft Visual Studio Solution File, Format Version 12.00
# Visual Studio Version 17
VisualStudioVersion = 17.14.36414.22 d17.14
MinimumVisualStudioVersion = 10.0.40219.1
Project("{FAE04EC0-301F-11D3-BF4B-00C04F79EFBC}") = "Million.API", "Million.API\Million.API.csproj", "{3922E44F-0D40-4676-A60C-FBE433BBD88F}"
EndProject
Project("{FAE04EC0-301F-11D3-BF4B-00C04F79EFBC}") = "Million.Application", "Million.Application\Million.Application.csproj", "{83A6F8F2-AB17-4829-B8B9-75944B9C7F81}"
EndProject
Project("{FAE04EC0-301F-11D3-BF4B-00C04F79EFBC}") = "Million.Domain", "Million.Domain\Million.Domain.csproj", "{598909AF-825E-4E91-BE98-93C1DAADF333}"
EndProject
Project("{FAE04EC0-301F-11D3-BF4B-00C04F79EFBC}") = "Million.Infrastructure", "Million.Infrastructure\Million.Infrastructure.csproj", "{867A90EE-0DDA-40FE-9DF3-031AD2E89A0D}"
EndProject
Project("{FAE04EC0-301F-11D3-BF4B-00C04F79EFBC}") = "Million.TestUserCreator", "Million.TestUserCreator\Million.TestUserCreator.csproj", "{B66B4926-E780-42DD-AE11-52B6017FA5BB}"
EndProject
Global
	GlobalSection(SolutionConfigurationPlatforms) = preSolution
		Debug|Any CPU = Debug|Any CPU
		Release|Any CPU = Release|Any CPU
	EndGlobalSection
	GlobalSection(ProjectConfigurationPlatforms) = postSolution
		{3922E44F-0D40-4676-A60C-FBE433BBD88F}.Debug|Any CPU.ActiveCfg = Debug|Any CPU
		{3922E44F-0D40-4676-A60C-FBE433BBD88F}.Debug|Any CPU.Build.0 = Debug|Any CPU
		{3922E44F-0D40-4676-A60C-FBE433BBD88F}.Release|Any CPU.ActiveCfg = Release|Any CPU
		{3922E44F-0D40-4676-A60C-FBE433BBD88F}.Release|Any CPU.Build.0 = Release|Any CPU
		{83A6F8F2-AB17-4829-B8B9-75944B9C7F81}.Debug|Any CPU.ActiveCfg = Debug|Any CPU
		{83A6F8F2-AB17-4829-B8B9-75944B9C7F81}.Debug|Any CPU.Build.0 = Debug|Any CPU
		{83A6F8F2-AB17-4829-B8B9-75944B9C7F81}.Release|Any CPU.ActiveCfg = Release|Any CPU
		{83A6F8F2-AB17-4829-B8B9-75944B9C7F81}.Release|Any CPU.Build.0 = Release|Any CPU
		{598909AF-825E-4E91-BE98-93C1DAADF333}.Debug|Any CPU.ActiveCfg = Debug|Any CPU
		{598909AF-825E-4E91-BE98-93C1DAADF333}.Debug|Any CPU.Build.0 = Debug|Any CPU
		{598909AF-825E-4E91-BE98-93C1DAADF333}.Release|Any CPU.ActiveCfg = Release|Any CPU
		{598909AF-825E-4E91-BE98-93C1DAADF333}.Release|Any CPU.Build.0 = Release|Any CPU
		{867A90EE-0DDA-40FE-9DF3-031AD2E89A0D}.Debug|Any CPU.ActiveCfg = Debug|Any CPU
		{867A90EE-0DDA-40FE-9DF3-031AD2E89A0D}.Debug|Any CPU.Build.0 = Debug|Any CPU
		{867A90EE-0DDA-40FE-9DF3-031AD2E89A0D}.Release|Any CPU.ActiveCfg = Release|Any CPU
		{867A90EE-0DDA-40FE-9DF3-031AD2E89A0D}.Release|Any CPU.Build.0 = Release|Any CPU
		{B66B4926-E780-42DD-AE11-52B6017FA5BB}.Debug|Any CPU.ActiveCfg = Debug|Any CPU
		{B66B4926-E780-42DD-AE11-52B6017FA5BB}.Debug|Any CPU.Build.0 = Debug|Any CPU
		{B66B4926-E780-42DD-AE11-52B6017FA5BB}.Release|Any CPU.ActiveCfg = Release|Any CPU
		{B66B4926-E780-42DD-AE11-52B6017FA5BB}.Release|Any CPU.Build.0 = Release|Any CPU
	EndGlobalSection
	GlobalSection(SolutionProperties) = preSolution
		HideSolutionNode = FALSE
	EndGlobalSection
	GlobalSection(ExtensibilityGlobals) = postSolution
		SolutionGuid = {6FB63396-C706-46F5-887D-7606F0617C79}
	EndGlobalSection
EndGlobal
